
Microsoft Visual Studio Solution File, Format Version 12.00
# Visual Studio Version 17
VisualStudioVersion = 17.14.37111.16 d17.14
MinimumVisualStudioVersion = 10.0.40219.1
Project("{FAE04EC0-301F-11D3-BF4B-00C04F79EFBC}") = "TreeSitterParser", "TreeSitterParser\TreeSitterParser.csproj", "{30B6E6D8-D416-4685-973A-4287890F151A}"
EndProject
Global
	GlobalSection(SolutionConfigurationPlatforms) = preSolution
		Debug|Any CPU = Debug|Any CPU
		Release|Any CPU = Release|Any CPU
	EndGlobalSection
	GlobalSection(ProjectConfigurationPlatforms) = postSolution
		{30B6E6D8-D416-4685-973A-4287890F151A}.Debug|Any CPU.ActiveCfg = Debug|Any CPU
		{30B6E6D8-D416-4685-973A-4287890F151A}.Debug|Any CPU.Build.0 = Debug|Any CPU
		{30B6E6D8-D416-4685-973A-4287890F151A}.Release|Any CPU.ActiveCfg = Release|Any CPU
		{30B6E6D8-D416-4685-973A-4287890F151A}.Release|Any CPU.Build.0 = Release|Any CPU
	EndGlobalSection
	GlobalSection(SolutionProperties) = preSolution
		HideSolutionNode = FALSE
	EndGlobalSection
	GlobalSection(ExtensibilityGlobals) = postSolution
		SolutionGuid = {6A1F8DD9-AADD-42D8-B398-8F7F1D4C9B93}
	EndGlobalSection
EndGlobal
