
Microsoft Visual Studio Solution File, Format Version 12.00
# Visual Studio Version 17
VisualStudioVersion = 17.14.37111.16 d17.14
MinimumVisualStudioVersion = 10.0.40219.1
Project("{FAE04EC0-301F-11D3-BF4B-00C04F79EFBC}") = "llama_launcher", "llama_launcher\llama_launcher.csproj", "{3F3A8E3F-C25E-43A4-A7C0-A2DED0178576}"
EndProject
Global
	GlobalSection(SolutionConfigurationPlatforms) = preSolution
		Debug|Any CPU = Debug|Any CPU
		Release|Any CPU = Release|Any CPU
	EndGlobalSection
	GlobalSection(ProjectConfigurationPlatforms) = postSolution
		{3F3A8E3F-C25E-43A4-A7C0-A2DED0178576}.Debug|Any CPU.ActiveCfg = Debug|Any CPU
		{3F3A8E3F-C25E-43A4-A7C0-A2DED0178576}.Debug|Any CPU.Build.0 = Debug|Any CPU
		{3F3A8E3F-C25E-43A4-A7C0-A2DED0178576}.Release|Any CPU.ActiveCfg = Release|Any CPU
		{3F3A8E3F-C25E-43A4-A7C0-A2DED0178576}.Release|Any CPU.Build.0 = Release|Any CPU
	EndGlobalSection
	GlobalSection(SolutionProperties) = preSolution
		HideSolutionNode = FALSE
	EndGlobalSection
	GlobalSection(ExtensibilityGlobals) = postSolution
		SolutionGuid = {CBD77544-9A5D-454C-884D-EAE1BCF8B67D}
	EndGlobalSection
EndGlobal
